
Microsoft Visual Studio Solution File, Format Version 12.00
# Visual Studio Version 17
VisualStudioVersion = 17.6.33829.357
MinimumVisualStudioVersion = 10.0.40219.1
Project("{9A19103F-16F7-4668-BE54-9A1E7A4F7556}") = "Domore.Conf", "Domore.Conf\Domore.Conf.csproj", "{B2CC4EDA-8029-4D15-90FD-9CD792D8ECD6}"
EndProject
Project("{9A19103F-16F7-4668-BE54-9A1E7A4F7556}") = "Domore.Conf.Cli", "Domore.Conf.Cli\Domore.Conf.Cli.csproj", "{12CB0FB7-79DA-4DB3-BE0B-CE1DE6C053C0}"
EndProject
Project("{9A19103F-16F7-4668-BE54-9A1E7A4F7556}") = "Domore.Conf.Cli.Test", "Domore.Conf.Cli.Test\Domore.Conf.Cli.Test.csproj", "{27CDB65C-79F4-4834-86AB-2166CB96780C}"
EndProject
Project("{9A19103F-16F7-4668-BE54-9A1E7A4F7556}") = "Domore.Conf.ConfigurationManager", "Domore.Conf.ConfigurationManager\Domore.Conf.ConfigurationManager.csproj", "{4AC6AB30-2987-49FB-88BF-79151489BD40}"
EndProject
Project("{9A19103F-16F7-4668-BE54-9A1E7A4F7556}") = "Domore.Conf.ConfigurationManager.Test", "Domore.Conf.ConfigurationManager.Test\Domore.Conf.ConfigurationManager.Test.csproj", "{AD91F957-092B-4431-B7F5-1AFE3F6912BC}"
EndProject
Project("{9A19103F-16F7-4668-BE54-9A1E7A4F7556}") = "Domore.Conf.Sample", "Domore.Conf.Sample\Domore.Conf.Sample.csproj", "{F9D9F532-9F96-4F91-890B-BEE1C7219BB5}"
EndProject
Project("{9A19103F-16F7-4668-BE54-9A1E7A4F7556}") = "Domore.Conf.Sample.ConfigurationManager", "Domore.Conf.Sample.ConfigurationManager\Domore.Conf.Sample.ConfigurationManager.csproj", "{D20D5D59-6A13-42C2-83EF-B981A8E3C725}"
EndProject
Project("{9A19103F-16F7-4668-BE54-9A1E7A4F7556}") = "Domore.Conf.Test", "Domore.Conf.Test\Domore.Conf.Test.csproj", "{6561C2DC-B34E-4D6B-B655-BA0DF528D6A4}"
EndProject
Project("{2150E333-8FDC-42A3-9474-1A3956D46DE8}") = "conf", "conf", "{37B35561-4128-4D30-B2F0-C6F4AFCB1E4C}"
EndProject
Project("{2150E333-8FDC-42A3-9474-1A3956D46DE8}") = "logs", "logs", "{D247B54A-9007-462E-B070-63B4F2BC94FB}"
EndProject
Project("{9A19103F-16F7-4668-BE54-9A1E7A4F7556}") = "Domore.Logs", "Domore.Logs\Domore.Logs.csproj", "{EAE5938D-A66B-4DA6-AD1F-204063E547CB}"
EndProject
Project("{9A19103F-16F7-4668-BE54-9A1E7A4F7556}") = "Domore.Logs.Conf", "Domore.Logs.Conf\Domore.Logs.Conf.csproj", "{D713F06A-96CD-42DC-9DF8-EAB23C58BA66}"
EndProject
Project("{9A19103F-16F7-4668-BE54-9A1E7A4F7556}") = "Domore.Logs.Test", "Domore.Logs.Test\Domore.Logs.Test.csproj", "{1F322FDE-8511-4FEE-9EE0-368E4473B581}"
EndProject
Project("{2150E333-8FDC-42A3-9474-1A3956D46DE8}") = "props", "props", "{269A45D1-2734-419C-8EAE-01B99861D568}"
	ProjectSection(SolutionItems) = preProject
		Directory.Build.props = Directory.Build.props
	EndProjectSection
EndProject
Project("{2150E333-8FDC-42A3-9474-1A3956D46DE8}") = "indexing", "indexing", "{7CF7417A-41A9-4BFA-8CD0-984A5F9E06C1}"
EndProject
Project("{9A19103F-16F7-4668-BE54-9A1E7A4F7556}") = "Domore.Indexing", "Domore.Indexing\Domore.Indexing.csproj", "{547BE175-9775-4C75-95B4-AC374C8C918A}"
EndProject
Project("{9A19103F-16F7-4668-BE54-9A1E7A4F7556}") = "Domore.Indexing.Tests", "Domore.Indexing.Tests\Domore.Indexing.Tests.csproj", "{DBD9154F-58F6-4F86-86EC-7DF6B1F19649}"
EndProject
Project("{2150E333-8FDC-42A3-9474-1A3956D46DE8}") = "notification", "notification", "{108345CA-2B76-45F8-B93C-A38CB515CEF7}"
EndProject
Project("{9A19103F-16F7-4668-BE54-9A1E7A4F7556}") = "Domore.Notification", "Domore.Notification\Domore.Notification.csproj", "{226FC135-3966-4989-A992-419A00E36AED}"
EndProject
Project("{9A19103F-16F7-4668-BE54-9A1E7A4F7556}") = "Domore.Notification.Tests", "Domore.Notification.Tests\Domore.Notification.Tests.csproj", "{11DDFB4B-EE64-4C1E-944C-D5DA97A4E4F5}"
EndProject
Project("{2150E333-8FDC-42A3-9474-1A3956D46DE8}") = "release", "release", "{DD98D73F-4EFA-42AE-AAD4-59B62F010072}"
	ProjectSection(SolutionItems) = preProject
		..\release.cmd = ..\release.cmd
	EndProjectSection
EndProject
Project("{9A19103F-16F7-4668-BE54-9A1E7A4F7556}") = "Domore.Release.Core", "Domore.Release.Core\Domore.Release.Core.csproj", "{25F60B4B-450C-4C5B-AF96-035F6C2A83B1}"
EndProject
Project("{9A19103F-16F7-4668-BE54-9A1E7A4F7556}") = "Domore.Release.Core.Tests", "Domore.Release.Core.Tests\Domore.Release.Core.Tests.csproj", "{0DE90B17-B34F-4FFE-94AA-FE573EE2007F}"
EndProject
Project("{9A19103F-16F7-4668-BE54-9A1E7A4F7556}") = "Domore.Release.Console", "Domore.Release.Console\Domore.Release.Console.csproj", "{052074E2-2B4F-4DED-AD0C-AE29D956C217}"
EndProject
Project("{2150E333-8FDC-42A3-9474-1A3956D46DE8}") = "test", "test", "{1740936F-88FB-4501-B09F-F03E91E6AB75}"
EndProject
Project("{2150E333-8FDC-42A3-9474-1A3956D46DE8}") = "test", "test", "{A6FFA19D-9B07-4DEF-84B5-B938543FFDF3}"
EndProject
Project("{2150E333-8FDC-42A3-9474-1A3956D46DE8}") = "test", "test", "{9B5E7AA2-57C5-4B30-A93B-36246E3E0E50}"
EndProject
Project("{2150E333-8FDC-42A3-9474-1A3956D46DE8}") = "test", "test", "{2B812D49-418A-4384-8792-46B9221410DB}"
EndProject
Project("{2150E333-8FDC-42A3-9474-1A3956D46DE8}") = "test", "test", "{8C470728-E416-4D43-84F8-8F580EA3C988}"
EndProject
Project("{9A19103F-16F7-4668-BE54-9A1E7A4F7556}") = "Domore.Tests", "Domore.Tests\Domore.Tests.csproj", "{4E842D4F-DF16-4F45-A708-7215FB645EC2}"
EndProject
Project("{2150E333-8FDC-42A3-9474-1A3956D46DE8}") = "test", "test", "{FE1FB9FF-B518-488B-9C49-6BBE66F7C5FB}"
EndProject
Project("{2150E333-8FDC-42A3-9474-1A3956D46DE8}") = "taskcaching", "taskcaching", "{003E5404-5686-414F-A16F-2700D765EC53}"
EndProject
Project("{9A19103F-16F7-4668-BE54-9A1E7A4F7556}") = "Domore.Async.TaskCaching", "Domore.Async.TaskCaching\Domore.Async.TaskCaching.csproj", "{4EB2E64C-4525-4444-9B31-5F60BE957FF5}"
EndProject
Project("{9A19103F-16F7-4668-BE54-9A1E7A4F7556}") = "Domore.Async.TaskCaching.Tests", "Domore.Async.TaskCaching.Tests\Domore.Async.TaskCaching.Tests.csproj", "{DE6AEA85-E1D7-4A6A-8911-ADB16DD5858A}"
EndProject
Global
	GlobalSection(SolutionConfigurationPlatforms) = preSolution
		Debug|Any CPU = Debug|Any CPU
		Release|Any CPU = Release|Any CPU
	EndGlobalSection
	GlobalSection(ProjectConfigurationPlatforms) = postSolution
		{B2CC4EDA-8029-4D15-90FD-9CD792D8ECD6}.Debug|Any CPU.ActiveCfg = Debug|Any CPU
		{B2CC4EDA-8029-4D15-90FD-9CD792D8ECD6}.Debug|Any CPU.Build.0 = Debug|Any CPU
		{B2CC4EDA-8029-4D15-90FD-9CD792D8ECD6}.Release|Any CPU.ActiveCfg = Release|Any CPU
		{B2CC4EDA-8029-4D15-90FD-9CD792D8ECD6}.Release|Any CPU.Build.0 = Release|Any CPU
		{12CB0FB7-79DA-4DB3-BE0B-CE1DE6C053C0}.Debug|Any CPU.ActiveCfg = Debug|Any CPU
		{12CB0FB7-79DA-4DB3-BE0B-CE1DE6C053C0}.Debug|Any CPU.Build.0 = Debug|Any CPU
		{12CB0FB7-79DA-4DB3-BE0B-CE1DE6C053C0}.Release|Any CPU.ActiveCfg = Release|Any CPU
		{12CB0FB7-79DA-4DB3-BE0B-CE1DE6C053C0}.Release|Any CPU.Build.0 = Release|Any CPU
		{27CDB65C-79F4-4834-86AB-2166CB96780C}.Debug|Any CPU.ActiveCfg = Debug|Any CPU
		{27CDB65C-79F4-4834-86AB-2166CB96780C}.Debug|Any CPU.Build.0 = Debug|Any CPU
		{27CDB65C-79F4-4834-86AB-2166CB96780C}.Release|Any CPU.ActiveCfg = Release|Any CPU
		{27CDB65C-79F4-4834-86AB-2166CB96780C}.Release|Any CPU.Build.0 = Release|Any CPU
		{4AC6AB30-2987-49FB-88BF-79151489BD40}.Debug|Any CPU.ActiveCfg = Debug|Any CPU
		{4AC6AB30-2987-49FB-88BF-79151489BD40}.Debug|Any CPU.Build.0 = Debug|Any CPU
		{4AC6AB30-2987-49FB-88BF-79151489BD40}.Release|Any CPU.ActiveCfg = Release|Any CPU
		{4AC6AB30-2987-49FB-88BF-79151489BD40}.Release|Any CPU.Build.0 = Release|Any CPU
		{AD91F957-092B-4431-B7F5-1AFE3F6912BC}.Debug|Any CPU.ActiveCfg = Debug|Any CPU
		{AD91F957-092B-4431-B7F5-1AFE3F6912BC}.Debug|Any CPU.Build.0 = Debug|Any CPU
		{AD91F957-092B-4431-B7F5-1AFE3F6912BC}.Release|Any CPU.ActiveCfg = Release|Any CPU
		{AD91F957-092B-4431-B7F5-1AFE3F6912BC}.Release|Any CPU.Build.0 = Release|Any CPU
		{F9D9F532-9F96-4F91-890B-BEE1C7219BB5}.Debug|Any CPU.ActiveCfg = Debug|Any CPU
		{F9D9F532-9F96-4F91-890B-BEE1C7219BB5}.Debug|Any CPU.Build.0 = Debug|Any CPU
		{F9D9F532-9F96-4F91-890B-BEE1C7219BB5}.Release|Any CPU.ActiveCfg = Release|Any CPU
		{F9D9F532-9F96-4F91-890B-BEE1C7219BB5}.Release|Any CPU.Build.0 = Release|Any CPU
		{D20D5D59-6A13-42C2-83EF-B981A8E3C725}.Debug|Any CPU.ActiveCfg = Debug|Any CPU
		{D20D5D59-6A13-42C2-83EF-B981A8E3C725}.Debug|Any CPU.Build.0 = Debug|Any CPU
		{D20D5D59-6A13-42C2-83EF-B981A8E3C725}.Release|Any CPU.ActiveCfg = Release|Any CPU
		{D20D5D59-6A13-42C2-83EF-B981A8E3C725}.Release|Any CPU.Build.0 = Release|Any CPU
		{6561C2DC-B34E-4D6B-B655-BA0DF528D6A4}.Debug|Any CPU.ActiveCfg = Debug|Any CPU
		{6561C2DC-B34E-4D6B-B655-BA0DF528D6A4}.Debug|Any CPU.Build.0 = Debug|Any CPU
		{6561C2DC-B34E-4D6B-B655-BA0DF528D6A4}.Release|Any CPU.ActiveCfg = Release|Any CPU
		{6561C2DC-B34E-4D6B-B655-BA0DF528D6A4}.Release|Any CPU.Build.0 = Release|Any CPU
		{EAE5938D-A66B-4DA6-AD1F-204063E547CB}.Debug|Any CPU.ActiveCfg = Debug|Any CPU
		{EAE5938D-A66B-4DA6-AD1F-204063E547CB}.Debug|Any CPU.Build.0 = Debug|Any CPU
		{EAE5938D-A66B-4DA6-AD1F-204063E547CB}.Release|Any CPU.ActiveCfg = Release|Any CPU
		{EAE5938D-A66B-4DA6-AD1F-204063E547CB}.Release|Any CPU.Build.0 = Release|Any CPU
		{D713F06A-96CD-42DC-9DF8-EAB23C58BA66}.Debug|Any CPU.ActiveCfg = Debug|Any CPU
		{D713F06A-96CD-42DC-9DF8-EAB23C58BA66}.Debug|Any CPU.Build.0 = Debug|Any CPU
		{D713F06A-96CD-42DC-9DF8-EAB23C58BA66}.Release|Any CPU.ActiveCfg = Release|Any CPU
		{D713F06A-96CD-42DC-9DF8-EAB23C58BA66}.Release|Any CPU.Build.0 = Release|Any CPU
		{1F322FDE-8511-4FEE-9EE0-368E4473B581}.Debug|Any CPU.ActiveCfg = Debug|Any CPU
		{1F322FDE-8511-4FEE-9EE0-368E4473B581}.Debug|Any CPU.Build.0 = Debug|Any CPU
		{1F322FDE-8511-4FEE-9EE0-368E4473B581}.Release|Any CPU.ActiveCfg = Release|Any CPU
		{1F322FDE-8511-4FEE-9EE0-368E4473B581}.Release|Any CPU.Build.0 = Release|Any CPU
		{547BE175-9775-4C75-95B4-AC374C8C918A}.Debug|Any CPU.ActiveCfg = Debug|Any CPU
		{547BE175-9775-4C75-95B4-AC374C8C918A}.Debug|Any CPU.Build.0 = Debug|Any CPU
		{547BE175-9775-4C75-95B4-AC374C8C918A}.Release|Any CPU.ActiveCfg = Release|Any CPU
		{547BE175-9775-4C75-95B4-AC374C8C918A}.Release|Any CPU.Build.0 = Release|Any CPU
		{DBD9154F-58F6-4F86-86EC-7DF6B1F19649}.Debug|Any CPU.ActiveCfg = Debug|Any CPU
		{DBD9154F-58F6-4F86-86EC-7DF6B1F19649}.Debug|Any CPU.Build.0 = Debug|Any CPU
		{DBD9154F-58F6-4F86-86EC-7DF6B1F19649}.Release|Any CPU.ActiveCfg = Release|Any CPU
		{DBD9154F-58F6-4F86-86EC-7DF6B1F19649}.Release|Any CPU.Build.0 = Release|Any CPU
		{226FC135-3966-4989-A992-419A00E36AED}.Debug|Any CPU.ActiveCfg = Debug|Any CPU
		{226FC135-3966-4989-A992-419A00E36AED}.Debug|Any CPU.Build.0 = Debug|Any CPU
		{226FC135-3966-4989-A992-419A00E36AED}.Release|Any CPU.ActiveCfg = Release|Any CPU
		{226FC135-3966-4989-A992-419A00E36AED}.Release|Any CPU.Build.0 = Release|Any CPU
		{11DDFB4B-EE64-4C1E-944C-D5DA97A4E4F5}.Debug|Any CPU.ActiveCfg = Debug|Any CPU
		{11DDFB4B-EE64-4C1E-944C-D5DA97A4E4F5}.Debug|Any CPU.Build.0 = Debug|Any CPU
		{11DDFB4B-EE64-4C1E-944C-D5DA97A4E4F5}.Release|Any CPU.ActiveCfg = Release|Any CPU
		{11DDFB4B-EE64-4C1E-944C-D5DA97A4E4F5}.Release|Any CPU.Build.0 = Release|Any CPU
		{25F60B4B-450C-4C5B-AF96-035F6C2A83B1}.Debug|Any CPU.ActiveCfg = Debug|Any CPU
		{25F60B4B-450C-4C5B-AF96-035F6C2A83B1}.Debug|Any CPU.Build.0 = Debug|Any CPU
		{25F60B4B-450C-4C5B-AF96-035F6C2A83B1}.Release|Any CPU.ActiveCfg = Release|Any CPU
		{25F60B4B-450C-4C5B-AF96-035F6C2A83B1}.Release|Any CPU.Build.0 = Release|Any CPU
		{0DE90B17-B34F-4FFE-94AA-FE573EE2007F}.Debug|Any CPU.ActiveCfg = Debug|Any CPU
		{0DE90B17-B34F-4FFE-94AA-FE573EE2007F}.Debug|Any CPU.Build.0 = Debug|Any CPU
		{0DE90B17-B34F-4FFE-94AA-FE573EE2007F}.Release|Any CPU.ActiveCfg = Release|Any CPU
		{0DE90B17-B34F-4FFE-94AA-FE573EE2007F}.Release|Any CPU.Build.0 = Release|Any CPU
		{052074E2-2B4F-4DED-AD0C-AE29D956C217}.Debug|Any CPU.ActiveCfg = Debug|Any CPU
		{052074E2-2B4F-4DED-AD0C-AE29D956C217}.Debug|Any CPU.Build.0 = Debug|Any CPU
		{052074E2-2B4F-4DED-AD0C-AE29D956C217}.Release|Any CPU.ActiveCfg = Release|Any CPU
		{052074E2-2B4F-4DED-AD0C-AE29D956C217}.Release|Any CPU.Build.0 = Release|Any CPU
		{4E842D4F-DF16-4F45-A708-7215FB645EC2}.Debug|Any CPU.ActiveCfg = Debug|Any CPU
		{4E842D4F-DF16-4F45-A708-7215FB645EC2}.Debug|Any CPU.Build.0 = Debug|Any CPU
		{4E842D4F-DF16-4F45-A708-7215FB645EC2}.Release|Any CPU.ActiveCfg = Release|Any CPU
		{4E842D4F-DF16-4F45-A708-7215FB645EC2}.Release|Any CPU.Build.0 = Release|Any CPU
		{4EB2E64C-4525-4444-9B31-5F60BE957FF5}.Debug|Any CPU.ActiveCfg = Debug|Any CPU
		{4EB2E64C-4525-4444-9B31-5F60BE957FF5}.Debug|Any CPU.Build.0 = Debug|Any CPU
		{4EB2E64C-4525-4444-9B31-5F60BE957FF5}.Release|Any CPU.ActiveCfg = Release|Any CPU
		{4EB2E64C-4525-4444-9B31-5F60BE957FF5}.Release|Any CPU.Build.0 = Release|Any CPU
		{DE6AEA85-E1D7-4A6A-8911-ADB16DD5858A}.Debug|Any CPU.ActiveCfg = Debug|Any CPU
		{DE6AEA85-E1D7-4A6A-8911-ADB16DD5858A}.Debug|Any CPU.Build.0 = Debug|Any CPU
		{DE6AEA85-E1D7-4A6A-8911-ADB16DD5858A}.Release|Any CPU.ActiveCfg = Release|Any CPU
		{DE6AEA85-E1D7-4A6A-8911-ADB16DD5858A}.Release|Any CPU.Build.0 = Release|Any CPU
	EndGlobalSection
	GlobalSection(SolutionProperties) = preSolution
		HideSolutionNode = FALSE
	EndGlobalSection
	GlobalSection(NestedProjects) = preSolution
		{B2CC4EDA-8029-4D15-90FD-9CD792D8ECD6} = {37B35561-4128-4D30-B2F0-C6F4AFCB1E4C}
		{12CB0FB7-79DA-4DB3-BE0B-CE1DE6C053C0} = {37B35561-4128-4D30-B2F0-C6F4AFCB1E4C}
		{27CDB65C-79F4-4834-86AB-2166CB96780C} = {8C470728-E416-4D43-84F8-8F580EA3C988}
		{4AC6AB30-2987-49FB-88BF-79151489BD40} = {37B35561-4128-4D30-B2F0-C6F4AFCB1E4C}
		{AD91F957-092B-4431-B7F5-1AFE3F6912BC} = {8C470728-E416-4D43-84F8-8F580EA3C988}
		{F9D9F532-9F96-4F91-890B-BEE1C7219BB5} = {37B35561-4128-4D30-B2F0-C6F4AFCB1E4C}
		{D20D5D59-6A13-42C2-83EF-B981A8E3C725} = {37B35561-4128-4D30-B2F0-C6F4AFCB1E4C}
		{6561C2DC-B34E-4D6B-B655-BA0DF528D6A4} = {8C470728-E416-4D43-84F8-8F580EA3C988}
		{EAE5938D-A66B-4DA6-AD1F-204063E547CB} = {D247B54A-9007-462E-B070-63B4F2BC94FB}
		{D713F06A-96CD-42DC-9DF8-EAB23C58BA66} = {D247B54A-9007-462E-B070-63B4F2BC94FB}
		{1F322FDE-8511-4FEE-9EE0-368E4473B581} = {9B5E7AA2-57C5-4B30-A93B-36246E3E0E50}
		{547BE175-9775-4C75-95B4-AC374C8C918A} = {7CF7417A-41A9-4BFA-8CD0-984A5F9E06C1}
		{DBD9154F-58F6-4F86-86EC-7DF6B1F19649} = {2B812D49-418A-4384-8792-46B9221410DB}
		{226FC135-3966-4989-A992-419A00E36AED} = {108345CA-2B76-45F8-B93C-A38CB515CEF7}
		{11DDFB4B-EE64-4C1E-944C-D5DA97A4E4F5} = {A6FFA19D-9B07-4DEF-84B5-B938543FFDF3}
		{25F60B4B-450C-4C5B-AF96-035F6C2A83B1} = {DD98D73F-4EFA-42AE-AAD4-59B62F010072}
		{0DE90B17-B34F-4FFE-94AA-FE573EE2007F} = {1740936F-88FB-4501-B09F-F03E91E6AB75}
		{052074E2-2B4F-4DED-AD0C-AE29D956C217} = {DD98D73F-4EFA-42AE-AAD4-59B62F010072}
		{1740936F-88FB-4501-B09F-F03E91E6AB75} = {DD98D73F-4EFA-42AE-AAD4-59B62F010072}
		{A6FFA19D-9B07-4DEF-84B5-B938543FFDF3} = {108345CA-2B76-45F8-B93C-A38CB515CEF7}
		{9B5E7AA2-57C5-4B30-A93B-36246E3E0E50} = {D247B54A-9007-462E-B070-63B4F2BC94FB}
		{2B812D49-418A-4384-8792-46B9221410DB} = {7CF7417A-41A9-4BFA-8CD0-984A5F9E06C1}
		{8C470728-E416-4D43-84F8-8F580EA3C988} = {37B35561-4128-4D30-B2F0-C6F4AFCB1E4C}
		{4E842D4F-DF16-4F45-A708-7215FB645EC2} = {FE1FB9FF-B518-488B-9C49-6BBE66F7C5FB}
		{4EB2E64C-4525-4444-9B31-5F60BE957FF5} = {003E5404-5686-414F-A16F-2700D765EC53}
		{DE6AEA85-E1D7-4A6A-8911-ADB16DD5858A} = {003E5404-5686-414F-A16F-2700D765EC53}
	EndGlobalSection
	GlobalSection(ExtensibilityGlobals) = postSolution
		SolutionGuid = {7E967ECE-F2A1-4414-B4D6-563487A9AF82}
	EndGlobalSection
EndGlobal
